
Microsoft Visual Studio Solution File, Format Version 12.00
# Visual Studio Version 17
VisualStudioVersion = 17.8.34330.188
MinimumVisualStudioVersion = 10.0.40219.1
Project("{9A19103F-16F7-4668-BE54-9A1E7A4F7556}") = "MaximumSubarray", "MaximumSubarray\MaximumSubarray.csproj", "{FAC1BA95-ED6C-4CEA-8511-A06EE4FBBE06}"
EndProject
Project("{9A19103F-16F7-4668-BE54-9A1E7A4F7556}") = "MaxSubarrayDivisibleByK", "MaxSubarrayDivisibleByK\MaxSubarrayDivisibleByK.csproj", "{3F0D1413-E83A-4709-9677-E706F321B067}"
EndProject
Project("{9A19103F-16F7-4668-BE54-9A1E7A4F7556}") = "MergeSort", "MergeSort\MergeSort.csproj", "{7017EF14-7E2F-4F66-9794-A05D8EF25015}"
EndProject
Project("{9A19103F-16F7-4668-BE54-9A1E7A4F7556}") = "MergeLists", "MergeLists\MergeLists.csproj", "{A67296F9-DC55-43E7-B627-AAE7A1B4D640}"
EndProject
Project("{9A19103F-16F7-4668-BE54-9A1E7A4F7556}") = "ZigzagConversion", "ZigzagConversion\ZigzagConversion.csproj", "{96FBF9EF-8192-441C-9470-D353806B3660}"
EndProject
Project("{9A19103F-16F7-4668-BE54-9A1E7A4F7556}") = "ReverseInteger", "ReverseInteger\ReverseInteger.csproj", "{551D179E-E65B-433F-9944-71BABB1E8B62}"
EndProject
Project("{9A19103F-16F7-4668-BE54-9A1E7A4F7556}") = "ContainerWithMostWater", "ContainerWithMostWater\ContainerWithMostWater.csproj", "{1E488080-FF4B-4E8C-B7A8-60309ACB57AB}"
EndProject
Project("{9A19103F-16F7-4668-BE54-9A1E7A4F7556}") = "RansomNote", "RansomNote\RansomNote.csproj", "{68E02407-06CB-4DC6-A985-D6EDE6826C4D}"
EndProject
Project("{FAE04EC0-301F-11D3-BF4B-00C04F79EFBC}") = "BinarySearchTree", "BinarySearchTree\BinarySearchTree.csproj", "{25CDCE70-EA9D-4A35-B9A8-14C18112DCDF}"
EndProject
Global
	GlobalSection(SolutionConfigurationPlatforms) = preSolution
		Debug|Any CPU = Debug|Any CPU
		Release|Any CPU = Release|Any CPU
	EndGlobalSection
	GlobalSection(ProjectConfigurationPlatforms) = postSolution
		{FAC1BA95-ED6C-4CEA-8511-A06EE4FBBE06}.Debug|Any CPU.ActiveCfg = Debug|Any CPU
		{FAC1BA95-ED6C-4CEA-8511-A06EE4FBBE06}.Debug|Any CPU.Build.0 = Debug|Any CPU
		{FAC1BA95-ED6C-4CEA-8511-A06EE4FBBE06}.Release|Any CPU.ActiveCfg = Release|Any CPU
		{FAC1BA95-ED6C-4CEA-8511-A06EE4FBBE06}.Release|Any CPU.Build.0 = Release|Any CPU
		{3F0D1413-E83A-4709-9677-E706F321B067}.Debug|Any CPU.ActiveCfg = Debug|Any CPU
		{3F0D1413-E83A-4709-9677-E706F321B067}.Debug|Any CPU.Build.0 = Debug|Any CPU
		{3F0D1413-E83A-4709-9677-E706F321B067}.Release|Any CPU.ActiveCfg = Release|Any CPU
		{3F0D1413-E83A-4709-9677-E706F321B067}.Release|Any CPU.Build.0 = Release|Any CPU
		{7017EF14-7E2F-4F66-9794-A05D8EF25015}.Debug|Any CPU.ActiveCfg = Debug|Any CPU
		{7017EF14-7E2F-4F66-9794-A05D8EF25015}.Debug|Any CPU.Build.0 = Debug|Any CPU
		{7017EF14-7E2F-4F66-9794-A05D8EF25015}.Release|Any CPU.ActiveCfg = Release|Any CPU
		{7017EF14-7E2F-4F66-9794-A05D8EF25015}.Release|Any CPU.Build.0 = Release|Any CPU
		{A67296F9-DC55-43E7-B627-AAE7A1B4D640}.Debug|Any CPU.ActiveCfg = Debug|Any CPU
		{A67296F9-DC55-43E7-B627-AAE7A1B4D640}.Debug|Any CPU.Build.0 = Debug|Any CPU
		{A67296F9-DC55-43E7-B627-AAE7A1B4D640}.Release|Any CPU.ActiveCfg = Release|Any CPU
		{A67296F9-DC55-43E7-B627-AAE7A1B4D640}.Release|Any CPU.Build.0 = Release|Any CPU
		{96FBF9EF-8192-441C-9470-D353806B3660}.Debug|Any CPU.ActiveCfg = Debug|Any CPU
		{96FBF9EF-8192-441C-9470-D353806B3660}.Debug|Any CPU.Build.0 = Debug|Any CPU
		{96FBF9EF-8192-441C-9470-D353806B3660}.Release|Any CPU.ActiveCfg = Release|Any CPU
		{96FBF9EF-8192-441C-9470-D353806B3660}.Release|Any CPU.Build.0 = Release|Any CPU
		{551D179E-E65B-433F-9944-71BABB1E8B62}.Debug|Any CPU.ActiveCfg = Debug|Any CPU
		{551D179E-E65B-433F-9944-71BABB1E8B62}.Debug|Any CPU.Build.0 = Debug|Any CPU
		{551D179E-E65B-433F-9944-71BABB1E8B62}.Release|Any CPU.ActiveCfg = Release|Any CPU
		{551D179E-E65B-433F-9944-71BABB1E8B62}.Release|Any CPU.Build.0 = Release|Any CPU
		{1E488080-FF4B-4E8C-B7A8-60309ACB57AB}.Debug|Any CPU.ActiveCfg = Debug|Any CPU
		{1E488080-FF4B-4E8C-B7A8-60309ACB57AB}.Debug|Any CPU.Build.0 = Debug|Any CPU
		{1E488080-FF4B-4E8C-B7A8-60309ACB57AB}.Release|Any CPU.ActiveCfg = Release|Any CPU
		{1E488080-FF4B-4E8C-B7A8-60309ACB57AB}.Release|Any CPU.Build.0 = Release|Any CPU
		{68E02407-06CB-4DC6-A985-D6EDE6826C4D}.Debug|Any CPU.ActiveCfg = Debug|Any CPU
		{68E02407-06CB-4DC6-A985-D6EDE6826C4D}.Debug|Any CPU.Build.0 = Debug|Any CPU
		{68E02407-06CB-4DC6-A985-D6EDE6826C4D}.Release|Any CPU.ActiveCfg = Release|Any CPU
		{68E02407-06CB-4DC6-A985-D6EDE6826C4D}.Release|Any CPU.Build.0 = Release|Any CPU
		{25CDCE70-EA9D-4A35-B9A8-14C18112DCDF}.Debug|Any CPU.ActiveCfg = Debug|Any CPU
		{25CDCE70-EA9D-4A35-B9A8-14C18112DCDF}.Debug|Any CPU.Build.0 = Debug|Any CPU
		{25CDCE70-EA9D-4A35-B9A8-14C18112DCDF}.Release|Any CPU.ActiveCfg = Release|Any CPU
		{25CDCE70-EA9D-4A35-B9A8-14C18112DCDF}.Release|Any CPU.Build.0 = Release|Any CPU
	EndGlobalSection
	GlobalSection(SolutionProperties) = preSolution
		HideSolutionNode = FALSE
	EndGlobalSection
	GlobalSection(ExtensibilityGlobals) = postSolution
		SolutionGuid = {90616CB0-D2DC-445D-A9E9-4EDB19EE44F9}
	EndGlobalSection
EndGlobal
