
Microsoft Visual Studio Solution File, Format Version 12.00
# Visual Studio Version 18
VisualStudioVersion = 18.1.11312.151
MinimumVisualStudioVersion = 10.0.40219.1
Project("{9A19103F-16F7-4668-BE54-9A1E7A4F7556}") = "MaximumSubarray", "MaximumSubarray\MaximumSubarray.csproj", "{FAC1BA95-ED6C-4CEA-8511-A06EE4FBBE06}"
EndProject
Project("{9A19103F-16F7-4668-BE54-9A1E7A4F7556}") = "MaxSubarrayDivisibleByK", "MaxSubarrayDivisibleByK\MaxSubarrayDivisibleByK.csproj", "{3F0D1413-E83A-4709-9677-E706F321B067}"
EndProject
Project("{9A19103F-16F7-4668-BE54-9A1E7A4F7556}") = "MergeSort", "MergeSort\MergeSort.csproj", "{7017EF14-7E2F-4F66-9794-A05D8EF25015}"
EndProject
Project("{9A19103F-16F7-4668-BE54-9A1E7A4F7556}") = "MergeLists", "MergeLists\MergeLists.csproj", "{A67296F9-DC55-43E7-B627-AAE7A1B4D640}"
EndProject
Project("{9A19103F-16F7-4668-BE54-9A1E7A4F7556}") = "ZigzagConversion", "ZigzagConversion\ZigzagConversion.csproj", "{96FBF9EF-8192-441C-9470-D353806B3660}"
EndProject
Project("{9A19103F-16F7-4668-BE54-9A1E7A4F7556}") = "ReverseInteger", "ReverseInteger\ReverseInteger.csproj", "{551D179E-E65B-433F-9944-71BABB1E8B62}"
EndProject
Project("{9A19103F-16F7-4668-BE54-9A1E7A4F7556}") = "ContainerWithMostWater", "ContainerWithMostWater\ContainerWithMostWater.csproj", "{1E488080-FF4B-4E8C-B7A8-60309ACB57AB}"
EndProject
Project("{9A19103F-16F7-4668-BE54-9A1E7A4F7556}") = "RansomNote", "RansomNote\RansomNote.csproj", "{68E02407-06CB-4DC6-A985-D6EDE6826C4D}"
EndProject
Project("{9A19103F-16F7-4668-BE54-9A1E7A4F7556}") = "BinarySearchTree", "BinarySearchTree\BinarySearchTree.csproj", "{25CDCE70-EA9D-4A35-B9A8-14C18112DCDF}"
EndProject
Project("{9A19103F-16F7-4668-BE54-9A1E7A4F7556}") = "UnitTest", "UnitTest\UnitTest.csproj", "{5EE31412-E994-4965-83E8-6B7044AE9880}"
EndProject
Project("{9A19103F-16F7-4668-BE54-9A1E7A4F7556}") = "FirstMissingPositive", "FirstMissingPositive\FirstMissingPositive.csproj", "{F0866864-3272-4FC8-915E-26409F7FAA48}"
EndProject
Project("{9A19103F-16F7-4668-BE54-9A1E7A4F7556}") = "ProductArrayExceptSelf", "ProductArrayExceptSelf\ProductArrayExceptSelf.csproj", "{07DE4193-C013-4152-B1AF-0D34C455440E}"
EndProject
Project("{9A19103F-16F7-4668-BE54-9A1E7A4F7556}") = "Trie", "Trie\Trie.csproj", "{E33C74F9-6767-4546-A5A0-7D8BC25C6C6C}"
EndProject
Project("{9A19103F-16F7-4668-BE54-9A1E7A4F7556}") = "ClimbingStairs", "ClimbingStairs\ClimbingStairs.csproj", "{01B74CCE-F1BB-49BA-A13A-27E3BDCEDFA0}"
EndProject
Project("{9A19103F-16F7-4668-BE54-9A1E7A4F7556}") = "SumOfTwoIntegers", "SumOfTwoIntegers\SumOfTwoIntegers.csproj", "{141B1416-CAEA-4C65-B950-375EE3ADC180}"
EndProject
Project("{9A19103F-16F7-4668-BE54-9A1E7A4F7556}") = "MyTest", "MyTest\MyTest.csproj", "{0A556A0F-DFCB-4359-9782-F77DE794CA29}"
EndProject
Project("{9A19103F-16F7-4668-BE54-9A1E7A4F7556}") = "GenerateParentheses", "GenerateParentheses\GenerateParentheses.csproj", "{842AC086-EB63-4758-B4D7-1449CA985069}"
EndProject
Project("{9A19103F-16F7-4668-BE54-9A1E7A4F7556}") = "Combinations", "Combinations\Combinations.csproj", "{33A09A74-4BC5-43F0-A615-90D5DBDC0B52}"
EndProject
Project("{9A19103F-16F7-4668-BE54-9A1E7A4F7556}") = "CircularQueue", "CircularQueue\CircularQueue.csproj", "{26E0A8EA-9EEE-4DCE-823E-BD00082EC093}"
EndProject
Project("{9A19103F-16F7-4668-BE54-9A1E7A4F7556}") = "RectangleOverlap", "RectangleOverlap\RectangleOverlap.csproj", "{02A48E95-4CDB-4D49-A54C-99CBD7430702}"
EndProject
Project("{FAE04EC0-301F-11D3-BF4B-00C04F79EFBC}") = "NumberOfIslands", "NumberOfIslands\NumberOfIslands.csproj", "{654FF93E-430C-44DC-AC46-12A331641078}"
EndProject
Project("{FAE04EC0-301F-11D3-BF4B-00C04F79EFBC}") = "RottingOranges", "RottingOranges\RottingOranges.csproj", "{6C6DEE3F-1131-413A-B443-30B3CB0C1126}"
EndProject
Project("{FAE04EC0-301F-11D3-BF4B-00C04F79EFBC}") = "NumberOfProvinces", "NumberOfProvinces\NumberOfProvinces.csproj", "{E4C1F06C-4CD0-4BBD-8B9F-78092571E339}"
EndProject
Project("{FAE04EC0-301F-11D3-BF4B-00C04F79EFBC}") = "FloodFill", "FloodFill\FloodFill.csproj", "{5CC7A30F-E4EE-4CCB-A1C9-BF0B5A3A38E6}"
EndProject
Project("{FAE04EC0-301F-11D3-BF4B-00C04F79EFBC}") = "WpfApp", "WpfApp\WpfApp.csproj", "{1C3F2198-2BEE-4EE4-954F-FE7C21D6236D}"
EndProject
Project("{FAE04EC0-301F-11D3-BF4B-00C04F79EFBC}") = "BuildingH2O", "BuildingH2O\BuildingH2O.csproj", "{9CE4842D-952C-4D35-88D1-0D93E1F8B882}"
EndProject
Project("{FAE04EC0-301F-11D3-BF4B-00C04F79EFBC}") = "TheDiningPhilosophers", "TheDiningPhilosophers\TheDiningPhilosophers.csproj", "{598B2078-FEC4-449B-8BDA-2FE5EC86655C}"
EndProject
Project("{8BC9CEB8-8B4A-11D0-8D11-00A0C91BC942}") = "MyCppConsoleTest", "MyCppConsoleTest\MyCppConsoleTest.vcxproj", "{5C431822-28DC-44AF-8BEF-9E699A10A394}"
EndProject
Project("{FAE04EC0-301F-11D3-BF4B-00C04F79EFBC}") = "RepeatedDNASequences", "RepeatedDNASequences\RepeatedDNASequences.csproj", "{B8CC6A34-4728-4B31-8842-64B7E7E4F6BD}"
EndProject
Global
	GlobalSection(SolutionConfigurationPlatforms) = preSolution
		Debug|Any CPU = Debug|Any CPU
		Debug|x64 = Debug|x64
		Debug|x86 = Debug|x86
		Release|Any CPU = Release|Any CPU
		Release|x64 = Release|x64
		Release|x86 = Release|x86
	EndGlobalSection
	GlobalSection(ProjectConfigurationPlatforms) = postSolution
		{FAC1BA95-ED6C-4CEA-8511-A06EE4FBBE06}.Debug|Any CPU.ActiveCfg = Debug|Any CPU
		{FAC1BA95-ED6C-4CEA-8511-A06EE4FBBE06}.Debug|Any CPU.Build.0 = Debug|Any CPU
		{FAC1BA95-ED6C-4CEA-8511-A06EE4FBBE06}.Debug|x64.ActiveCfg = Debug|Any CPU
		{FAC1BA95-ED6C-4CEA-8511-A06EE4FBBE06}.Debug|x64.Build.0 = Debug|Any CPU
		{FAC1BA95-ED6C-4CEA-8511-A06EE4FBBE06}.Debug|x86.ActiveCfg = Debug|Any CPU
		{FAC1BA95-ED6C-4CEA-8511-A06EE4FBBE06}.Debug|x86.Build.0 = Debug|Any CPU
		{FAC1BA95-ED6C-4CEA-8511-A06EE4FBBE06}.Release|Any CPU.ActiveCfg = Release|Any CPU
		{FAC1BA95-ED6C-4CEA-8511-A06EE4FBBE06}.Release|Any CPU.Build.0 = Release|Any CPU
		{FAC1BA95-ED6C-4CEA-8511-A06EE4FBBE06}.Release|x64.ActiveCfg = Release|Any CPU
		{FAC1BA95-ED6C-4CEA-8511-A06EE4FBBE06}.Release|x64.Build.0 = Release|Any CPU
		{FAC1BA95-ED6C-4CEA-8511-A06EE4FBBE06}.Release|x86.ActiveCfg = Release|Any CPU
		{FAC1BA95-ED6C-4CEA-8511-A06EE4FBBE06}.Release|x86.Build.0 = Release|Any CPU
		{3F0D1413-E83A-4709-9677-E706F321B067}.Debug|Any CPU.ActiveCfg = Debug|Any CPU
		{3F0D1413-E83A-4709-9677-E706F321B067}.Debug|Any CPU.Build.0 = Debug|Any CPU
		{3F0D1413-E83A-4709-9677-E706F321B067}.Debug|x64.ActiveCfg = Debug|Any CPU
		{3F0D1413-E83A-4709-9677-E706F321B067}.Debug|x64.Build.0 = Debug|Any CPU
		{3F0D1413-E83A-4709-9677-E706F321B067}.Debug|x86.ActiveCfg = Debug|Any CPU
		{3F0D1413-E83A-4709-9677-E706F321B067}.Debug|x86.Build.0 = Debug|Any CPU
		{3F0D1413-E83A-4709-9677-E706F321B067}.Release|Any CPU.ActiveCfg = Release|Any CPU
		{3F0D1413-E83A-4709-9677-E706F321B067}.Release|Any CPU.Build.0 = Release|Any CPU
		{3F0D1413-E83A-4709-9677-E706F321B067}.Release|x64.ActiveCfg = Release|Any CPU
		{3F0D1413-E83A-4709-9677-E706F321B067}.Release|x64.Build.0 = Release|Any CPU
		{3F0D1413-E83A-4709-9677-E706F321B067}.Release|x86.ActiveCfg = Release|Any CPU
		{3F0D1413-E83A-4709-9677-E706F321B067}.Release|x86.Build.0 = Release|Any CPU
		{7017EF14-7E2F-4F66-9794-A05D8EF25015}.Debug|Any CPU.ActiveCfg = Debug|Any CPU
		{7017EF14-7E2F-4F66-9794-A05D8EF25015}.Debug|Any CPU.Build.0 = Debug|Any CPU
		{7017EF14-7E2F-4F66-9794-A05D8EF25015}.Debug|x64.ActiveCfg = Debug|Any CPU
		{7017EF14-7E2F-4F66-9794-A05D8EF25015}.Debug|x64.Build.0 = Debug|Any CPU
		{7017EF14-7E2F-4F66-9794-A05D8EF25015}.Debug|x86.ActiveCfg = Debug|Any CPU
		{7017EF14-7E2F-4F66-9794-A05D8EF25015}.Debug|x86.Build.0 = Debug|Any CPU
		{7017EF14-7E2F-4F66-9794-A05D8EF25015}.Release|Any CPU.ActiveCfg = Release|Any CPU
		{7017EF14-7E2F-4F66-9794-A05D8EF25015}.Release|Any CPU.Build.0 = Release|Any CPU
		{7017EF14-7E2F-4F66-9794-A05D8EF25015}.Release|x64.ActiveCfg = Release|Any CPU
		{7017EF14-7E2F-4F66-9794-A05D8EF25015}.Release|x64.Build.0 = Release|Any CPU
		{7017EF14-7E2F-4F66-9794-A05D8EF25015}.Release|x86.ActiveCfg = Release|Any CPU
		{7017EF14-7E2F-4F66-9794-A05D8EF25015}.Release|x86.Build.0 = Release|Any CPU
		{A67296F9-DC55-43E7-B627-AAE7A1B4D640}.Debug|Any CPU.ActiveCfg = Debug|Any CPU
		{A67296F9-DC55-43E7-B627-AAE7A1B4D640}.Debug|Any CPU.Build.0 = Debug|Any CPU
		{A67296F9-DC55-43E7-B627-AAE7A1B4D640}.Debug|x64.ActiveCfg = Debug|Any CPU
		{A67296F9-DC55-43E7-B627-AAE7A1B4D640}.Debug|x64.Build.0 = Debug|Any CPU
		{A67296F9-DC55-43E7-B627-AAE7A1B4D640}.Debug|x86.ActiveCfg = Debug|Any CPU
		{A67296F9-DC55-43E7-B627-AAE7A1B4D640}.Debug|x86.Build.0 = Debug|Any CPU
		{A67296F9-DC55-43E7-B627-AAE7A1B4D640}.Release|Any CPU.ActiveCfg = Release|Any CPU
		{A67296F9-DC55-43E7-B627-AAE7A1B4D640}.Release|Any CPU.Build.0 = Release|Any CPU
		{A67296F9-DC55-43E7-B627-AAE7A1B4D640}.Release|x64.ActiveCfg = Release|Any CPU
		{A67296F9-DC55-43E7-B627-AAE7A1B4D640}.Release|x64.Build.0 = Release|Any CPU
		{A67296F9-DC55-43E7-B627-AAE7A1B4D640}.Release|x86.ActiveCfg = Release|Any CPU
		{A67296F9-DC55-43E7-B627-AAE7A1B4D640}.Release|x86.Build.0 = Release|Any CPU
		{96FBF9EF-8192-441C-9470-D353806B3660}.Debug|Any CPU.ActiveCfg = Debug|Any CPU
		{96FBF9EF-8192-441C-9470-D353806B3660}.Debug|Any CPU.Build.0 = Debug|Any CPU
		{96FBF9EF-8192-441C-9470-D353806B3660}.Debug|x64.ActiveCfg = Debug|Any CPU
		{96FBF9EF-8192-441C-9470-D353806B3660}.Debug|x64.Build.0 = Debug|Any CPU
		{96FBF9EF-8192-441C-9470-D353806B3660}.Debug|x86.ActiveCfg = Debug|Any CPU
		{96FBF9EF-8192-441C-9470-D353806B3660}.Debug|x86.Build.0 = Debug|Any CPU
		{96FBF9EF-8192-441C-9470-D353806B3660}.Release|Any CPU.ActiveCfg = Release|Any CPU
		{96FBF9EF-8192-441C-9470-D353806B3660}.Release|Any CPU.Build.0 = Release|Any CPU
		{96FBF9EF-8192-441C-9470-D353806B3660}.Release|x64.ActiveCfg = Release|Any CPU
		{96FBF9EF-8192-441C-9470-D353806B3660}.Release|x64.Build.0 = Release|Any CPU
		{96FBF9EF-8192-441C-9470-D353806B3660}.Release|x86.ActiveCfg = Release|Any CPU
		{96FBF9EF-8192-441C-9470-D353806B3660}.Release|x86.Build.0 = Release|Any CPU
		{551D179E-E65B-433F-9944-71BABB1E8B62}.Debug|Any CPU.ActiveCfg = Debug|Any CPU
		{551D179E-E65B-433F-9944-71BABB1E8B62}.Debug|Any CPU.Build.0 = Debug|Any CPU
		{551D179E-E65B-433F-9944-71BABB1E8B62}.Debug|x64.ActiveCfg = Debug|Any CPU
		{551D179E-E65B-433F-9944-71BABB1E8B62}.Debug|x64.Build.0 = Debug|Any CPU
		{551D179E-E65B-433F-9944-71BABB1E8B62}.Debug|x86.ActiveCfg = Debug|Any CPU
		{551D179E-E65B-433F-9944-71BABB1E8B62}.Debug|x86.Build.0 = Debug|Any CPU
		{551D179E-E65B-433F-9944-71BABB1E8B62}.Release|Any CPU.ActiveCfg = Release|Any CPU
		{551D179E-E65B-433F-9944-71BABB1E8B62}.Release|Any CPU.Build.0 = Release|Any CPU
		{551D179E-E65B-433F-9944-71BABB1E8B62}.Release|x64.ActiveCfg = Release|Any CPU
		{551D179E-E65B-433F-9944-71BABB1E8B62}.Release|x64.Build.0 = Release|Any CPU
		{551D179E-E65B-433F-9944-71BABB1E8B62}.Release|x86.ActiveCfg = Release|Any CPU
		{551D179E-E65B-433F-9944-71BABB1E8B62}.Release|x86.Build.0 = Release|Any CPU
		{1E488080-FF4B-4E8C-B7A8-60309ACB57AB}.Debug|Any CPU.ActiveCfg = Debug|Any CPU
		{1E488080-FF4B-4E8C-B7A8-60309ACB57AB}.Debug|Any CPU.Build.0 = Debug|Any CPU
		{1E488080-FF4B-4E8C-B7A8-60309ACB57AB}.Debug|x64.ActiveCfg = Debug|Any CPU
		{1E488080-FF4B-4E8C-B7A8-60309ACB57AB}.Debug|x64.Build.0 = Debug|Any CPU
		{1E488080-FF4B-4E8C-B7A8-60309ACB57AB}.Debug|x86.ActiveCfg = Debug|Any CPU
		{1E488080-FF4B-4E8C-B7A8-60309ACB57AB}.Debug|x86.Build.0 = Debug|Any CPU
		{1E488080-FF4B-4E8C-B7A8-60309ACB57AB}.Release|Any CPU.ActiveCfg = Release|Any CPU
		{1E488080-FF4B-4E8C-B7A8-60309ACB57AB}.Release|Any CPU.Build.0 = Release|Any CPU
		{1E488080-FF4B-4E8C-B7A8-60309ACB57AB}.Release|x64.ActiveCfg = Release|Any CPU
		{1E488080-FF4B-4E8C-B7A8-60309ACB57AB}.Release|x64.Build.0 = Release|Any CPU
		{1E488080-FF4B-4E8C-B7A8-60309ACB57AB}.Release|x86.ActiveCfg = Release|Any CPU
		{1E488080-FF4B-4E8C-B7A8-60309ACB57AB}.Release|x86.Build.0 = Release|Any CPU
		{68E02407-06CB-4DC6-A985-D6EDE6826C4D}.Debug|Any CPU.ActiveCfg = Debug|Any CPU
		{68E02407-06CB-4DC6-A985-D6EDE6826C4D}.Debug|Any CPU.Build.0 = Debug|Any CPU
		{68E02407-06CB-4DC6-A985-D6EDE6826C4D}.Debug|x64.ActiveCfg = Debug|Any CPU
		{68E02407-06CB-4DC6-A985-D6EDE6826C4D}.Debug|x64.Build.0 = Debug|Any CPU
		{68E02407-06CB-4DC6-A985-D6EDE6826C4D}.Debug|x86.ActiveCfg = Debug|Any CPU
		{68E02407-06CB-4DC6-A985-D6EDE6826C4D}.Debug|x86.Build.0 = Debug|Any CPU
		{68E02407-06CB-4DC6-A985-D6EDE6826C4D}.Release|Any CPU.ActiveCfg = Release|Any CPU
		{68E02407-06CB-4DC6-A985-D6EDE6826C4D}.Release|Any CPU.Build.0 = Release|Any CPU
		{68E02407-06CB-4DC6-A985-D6EDE6826C4D}.Release|x64.ActiveCfg = Release|Any CPU
		{68E02407-06CB-4DC6-A985-D6EDE6826C4D}.Release|x64.Build.0 = Release|Any CPU
		{68E02407-06CB-4DC6-A985-D6EDE6826C4D}.Release|x86.ActiveCfg = Release|Any CPU
		{68E02407-06CB-4DC6-A985-D6EDE6826C4D}.Release|x86.Build.0 = Release|Any CPU
		{25CDCE70-EA9D-4A35-B9A8-14C18112DCDF}.Debug|Any CPU.ActiveCfg = Debug|Any CPU
		{25CDCE70-EA9D-4A35-B9A8-14C18112DCDF}.Debug|Any CPU.Build.0 = Debug|Any CPU
		{25CDCE70-EA9D-4A35-B9A8-14C18112DCDF}.Debug|x64.ActiveCfg = Debug|Any CPU
		{25CDCE70-EA9D-4A35-B9A8-14C18112DCDF}.Debug|x64.Build.0 = Debug|Any CPU
		{25CDCE70-EA9D-4A35-B9A8-14C18112DCDF}.Debug|x86.ActiveCfg = Debug|Any CPU
		{25CDCE70-EA9D-4A35-B9A8-14C18112DCDF}.Debug|x86.Build.0 = Debug|Any CPU
		{25CDCE70-EA9D-4A35-B9A8-14C18112DCDF}.Release|Any CPU.ActiveCfg = Release|Any CPU
		{25CDCE70-EA9D-4A35-B9A8-14C18112DCDF}.Release|Any CPU.Build.0 = Release|Any CPU
		{25CDCE70-EA9D-4A35-B9A8-14C18112DCDF}.Release|x64.ActiveCfg = Release|Any CPU
		{25CDCE70-EA9D-4A35-B9A8-14C18112DCDF}.Release|x64.Build.0 = Release|Any CPU
		{25CDCE70-EA9D-4A35-B9A8-14C18112DCDF}.Release|x86.ActiveCfg = Release|Any CPU
		{25CDCE70-EA9D-4A35-B9A8-14C18112DCDF}.Release|x86.Build.0 = Release|Any CPU
		{5EE31412-E994-4965-83E8-6B7044AE9880}.Debug|Any CPU.ActiveCfg = Debug|Any CPU
		{5EE31412-E994-4965-83E8-6B7044AE9880}.Debug|Any CPU.Build.0 = Debug|Any CPU
		{5EE31412-E994-4965-83E8-6B7044AE9880}.Debug|x64.ActiveCfg = Debug|Any CPU
		{5EE31412-E994-4965-83E8-6B7044AE9880}.Debug|x64.Build.0 = Debug|Any CPU
		{5EE31412-E994-4965-83E8-6B7044AE9880}.Debug|x86.ActiveCfg = Debug|Any CPU
		{5EE31412-E994-4965-83E8-6B7044AE9880}.Debug|x86.Build.0 = Debug|Any CPU
		{5EE31412-E994-4965-83E8-6B7044AE9880}.Release|Any CPU.ActiveCfg = Release|Any CPU
		{5EE31412-E994-4965-83E8-6B7044AE9880}.Release|Any CPU.Build.0 = Release|Any CPU
		{5EE31412-E994-4965-83E8-6B7044AE9880}.Release|x64.ActiveCfg = Release|Any CPU
		{5EE31412-E994-4965-83E8-6B7044AE9880}.Release|x64.Build.0 = Release|Any CPU
		{5EE31412-E994-4965-83E8-6B7044AE9880}.Release|x86.ActiveCfg = Release|Any CPU
		{5EE31412-E994-4965-83E8-6B7044AE9880}.Release|x86.Build.0 = Release|Any CPU
		{F0866864-3272-4FC8-915E-26409F7FAA48}.Debug|Any CPU.ActiveCfg = Debug|Any CPU
		{F0866864-3272-4FC8-915E-26409F7FAA48}.Debug|Any CPU.Build.0 = Debug|Any CPU
		{F0866864-3272-4FC8-915E-26409F7FAA48}.Debug|x64.ActiveCfg = Debug|Any CPU
		{F0866864-3272-4FC8-915E-26409F7FAA48}.Debug|x64.Build.0 = Debug|Any CPU
		{F0866864-3272-4FC8-915E-26409F7FAA48}.Debug|x86.ActiveCfg = Debug|Any CPU
		{F0866864-3272-4FC8-915E-26409F7FAA48}.Debug|x86.Build.0 = Debug|Any CPU
		{F0866864-3272-4FC8-915E-26409F7FAA48}.Release|Any CPU.ActiveCfg = Release|Any CPU
		{F0866864-3272-4FC8-915E-26409F7FAA48}.Release|Any CPU.Build.0 = Release|Any CPU
		{F0866864-3272-4FC8-915E-26409F7FAA48}.Release|x64.ActiveCfg = Release|Any CPU
		{F0866864-3272-4FC8-915E-26409F7FAA48}.Release|x64.Build.0 = Release|Any CPU
		{F0866864-3272-4FC8-915E-26409F7FAA48}.Release|x86.ActiveCfg = Release|Any CPU
		{F0866864-3272-4FC8-915E-26409F7FAA48}.Release|x86.Build.0 = Release|Any CPU
		{07DE4193-C013-4152-B1AF-0D34C455440E}.Debug|Any CPU.ActiveCfg = Debug|Any CPU
		{07DE4193-C013-4152-B1AF-0D34C455440E}.Debug|Any CPU.Build.0 = Debug|Any CPU
		{07DE4193-C013-4152-B1AF-0D34C455440E}.Debug|x64.ActiveCfg = Debug|Any CPU
		{07DE4193-C013-4152-B1AF-0D34C455440E}.Debug|x64.Build.0 = Debug|Any CPU
		{07DE4193-C013-4152-B1AF-0D34C455440E}.Debug|x86.ActiveCfg = Debug|Any CPU
		{07DE4193-C013-4152-B1AF-0D34C455440E}.Debug|x86.Build.0 = Debug|Any CPU
		{07DE4193-C013-4152-B1AF-0D34C455440E}.Release|Any CPU.ActiveCfg = Release|Any CPU
		{07DE4193-C013-4152-B1AF-0D34C455440E}.Release|Any CPU.Build.0 = Release|Any CPU
		{07DE4193-C013-4152-B1AF-0D34C455440E}.Release|x64.ActiveCfg = Release|Any CPU
		{07DE4193-C013-4152-B1AF-0D34C455440E}.Release|x64.Build.0 = Release|Any CPU
		{07DE4193-C013-4152-B1AF-0D34C455440E}.Release|x86.ActiveCfg = Release|Any CPU
		{07DE4193-C013-4152-B1AF-0D34C455440E}.Release|x86.Build.0 = Release|Any CPU
		{E33C74F9-6767-4546-A5A0-7D8BC25C6C6C}.Debug|Any CPU.ActiveCfg = Debug|Any CPU
		{E33C74F9-6767-4546-A5A0-7D8BC25C6C6C}.Debug|Any CPU.Build.0 = Debug|Any CPU
		{E33C74F9-6767-4546-A5A0-7D8BC25C6C6C}.Debug|x64.ActiveCfg = Debug|Any CPU
		{E33C74F9-6767-4546-A5A0-7D8BC25C6C6C}.Debug|x64.Build.0 = Debug|Any CPU
		{E33C74F9-6767-4546-A5A0-7D8BC25C6C6C}.Debug|x86.ActiveCfg = Debug|Any CPU
		{E33C74F9-6767-4546-A5A0-7D8BC25C6C6C}.Debug|x86.Build.0 = Debug|Any CPU
		{E33C74F9-6767-4546-A5A0-7D8BC25C6C6C}.Release|Any CPU.ActiveCfg = Release|Any CPU
		{E33C74F9-6767-4546-A5A0-7D8BC25C6C6C}.Release|Any CPU.Build.0 = Release|Any CPU
		{E33C74F9-6767-4546-A5A0-7D8BC25C6C6C}.Release|x64.ActiveCfg = Release|Any CPU
		{E33C74F9-6767-4546-A5A0-7D8BC25C6C6C}.Release|x64.Build.0 = Release|Any CPU
		{E33C74F9-6767-4546-A5A0-7D8BC25C6C6C}.Release|x86.ActiveCfg = Release|Any CPU
		{E33C74F9-6767-4546-A5A0-7D8BC25C6C6C}.Release|x86.Build.0 = Release|Any CPU
		{01B74CCE-F1BB-49BA-A13A-27E3BDCEDFA0}.Debug|Any CPU.ActiveCfg = Debug|Any CPU
		{01B74CCE-F1BB-49BA-A13A-27E3BDCEDFA0}.Debug|Any CPU.Build.0 = Debug|Any CPU
		{01B74CCE-F1BB-49BA-A13A-27E3BDCEDFA0}.Debug|x64.ActiveCfg = Debug|Any CPU
		{01B74CCE-F1BB-49BA-A13A-27E3BDCEDFA0}.Debug|x64.Build.0 = Debug|Any CPU
		{01B74CCE-F1BB-49BA-A13A-27E3BDCEDFA0}.Debug|x86.ActiveCfg = Debug|Any CPU
		{01B74CCE-F1BB-49BA-A13A-27E3BDCEDFA0}.Debug|x86.Build.0 = Debug|Any CPU
		{01B74CCE-F1BB-49BA-A13A-27E3BDCEDFA0}.Release|Any CPU.ActiveCfg = Release|Any CPU
		{01B74CCE-F1BB-49BA-A13A-27E3BDCEDFA0}.Release|Any CPU.Build.0 = Release|Any CPU
		{01B74CCE-F1BB-49BA-A13A-27E3BDCEDFA0}.Release|x64.ActiveCfg = Release|Any CPU
		{01B74CCE-F1BB-49BA-A13A-27E3BDCEDFA0}.Release|x64.Build.0 = Release|Any CPU
		{01B74CCE-F1BB-49BA-A13A-27E3BDCEDFA0}.Release|x86.ActiveCfg = Release|Any CPU
		{01B74CCE-F1BB-49BA-A13A-27E3BDCEDFA0}.Release|x86.Build.0 = Release|Any CPU
		{141B1416-CAEA-4C65-B950-375EE3ADC180}.Debug|Any CPU.ActiveCfg = Debug|Any CPU
		{141B1416-CAEA-4C65-B950-375EE3ADC180}.Debug|Any CPU.Build.0 = Debug|Any CPU
		{141B1416-CAEA-4C65-B950-375EE3ADC180}.Debug|x64.ActiveCfg = Debug|Any CPU
		{141B1416-CAEA-4C65-B950-375EE3ADC180}.Debug|x64.Build.0 = Debug|Any CPU
		{141B1416-CAEA-4C65-B950-375EE3ADC180}.Debug|x86.ActiveCfg = Debug|Any CPU
		{141B1416-CAEA-4C65-B950-375EE3ADC180}.Debug|x86.Build.0 = Debug|Any CPU
		{141B1416-CAEA-4C65-B950-375EE3ADC180}.Release|Any CPU.ActiveCfg = Release|Any CPU
		{141B1416-CAEA-4C65-B950-375EE3ADC180}.Release|Any CPU.Build.0 = Release|Any CPU
		{141B1416-CAEA-4C65-B950-375EE3ADC180}.Release|x64.ActiveCfg = Release|Any CPU
		{141B1416-CAEA-4C65-B950-375EE3ADC180}.Release|x64.Build.0 = Release|Any CPU
		{141B1416-CAEA-4C65-B950-375EE3ADC180}.Release|x86.ActiveCfg = Release|Any CPU
		{141B1416-CAEA-4C65-B950-375EE3ADC180}.Release|x86.Build.0 = Release|Any CPU
		{0A556A0F-DFCB-4359-9782-F77DE794CA29}.Debug|Any CPU.ActiveCfg = Debug|Any CPU
		{0A556A0F-DFCB-4359-9782-F77DE794CA29}.Debug|Any CPU.Build.0 = Debug|Any CPU
		{0A556A0F-DFCB-4359-9782-F77DE794CA29}.Debug|x64.ActiveCfg = Debug|Any CPU
		{0A556A0F-DFCB-4359-9782-F77DE794CA29}.Debug|x64.Build.0 = Debug|Any CPU
		{0A556A0F-DFCB-4359-9782-F77DE794CA29}.Debug|x86.ActiveCfg = Debug|Any CPU
		{0A556A0F-DFCB-4359-9782-F77DE794CA29}.Debug|x86.Build.0 = Debug|Any CPU
		{0A556A0F-DFCB-4359-9782-F77DE794CA29}.Release|Any CPU.ActiveCfg = Release|Any CPU
		{0A556A0F-DFCB-4359-9782-F77DE794CA29}.Release|Any CPU.Build.0 = Release|Any CPU
		{0A556A0F-DFCB-4359-9782-F77DE794CA29}.Release|x64.ActiveCfg = Release|Any CPU
		{0A556A0F-DFCB-4359-9782-F77DE794CA29}.Release|x64.Build.0 = Release|Any CPU
		{0A556A0F-DFCB-4359-9782-F77DE794CA29}.Release|x86.ActiveCfg = Release|Any CPU
		{0A556A0F-DFCB-4359-9782-F77DE794CA29}.Release|x86.Build.0 = Release|Any CPU
		{842AC086-EB63-4758-B4D7-1449CA985069}.Debug|Any CPU.ActiveCfg = Debug|Any CPU
		{842AC086-EB63-4758-B4D7-1449CA985069}.Debug|Any CPU.Build.0 = Debug|Any CPU
		{842AC086-EB63-4758-B4D7-1449CA985069}.Debug|x64.ActiveCfg = Debug|Any CPU
		{842AC086-EB63-4758-B4D7-1449CA985069}.Debug|x64.Build.0 = Debug|Any CPU
		{842AC086-EB63-4758-B4D7-1449CA985069}.Debug|x86.ActiveCfg = Debug|Any CPU
		{842AC086-EB63-4758-B4D7-1449CA985069}.Debug|x86.Build.0 = Debug|Any CPU
		{842AC086-EB63-4758-B4D7-1449CA985069}.Release|Any CPU.ActiveCfg = Release|Any CPU
		{842AC086-EB63-4758-B4D7-1449CA985069}.Release|Any CPU.Build.0 = Release|Any CPU
		{842AC086-EB63-4758-B4D7-1449CA985069}.Release|x64.ActiveCfg = Release|Any CPU
		{842AC086-EB63-4758-B4D7-1449CA985069}.Release|x64.Build.0 = Release|Any CPU
		{842AC086-EB63-4758-B4D7-1449CA985069}.Release|x86.ActiveCfg = Release|Any CPU
		{842AC086-EB63-4758-B4D7-1449CA985069}.Release|x86.Build.0 = Release|Any CPU
		{33A09A74-4BC5-43F0-A615-90D5DBDC0B52}.Debug|Any CPU.ActiveCfg = Debug|Any CPU
		{33A09A74-4BC5-43F0-A615-90D5DBDC0B52}.Debug|Any CPU.Build.0 = Debug|Any CPU
		{33A09A74-4BC5-43F0-A615-90D5DBDC0B52}.Debug|x64.ActiveCfg = Debug|Any CPU
		{33A09A74-4BC5-43F0-A615-90D5DBDC0B52}.Debug|x64.Build.0 = Debug|Any CPU
		{33A09A74-4BC5-43F0-A615-90D5DBDC0B52}.Debug|x86.ActiveCfg = Debug|Any CPU
		{33A09A74-4BC5-43F0-A615-90D5DBDC0B52}.Debug|x86.Build.0 = Debug|Any CPU
		{33A09A74-4BC5-43F0-A615-90D5DBDC0B52}.Release|Any CPU.ActiveCfg = Release|Any CPU
		{33A09A74-4BC5-43F0-A615-90D5DBDC0B52}.Release|Any CPU.Build.0 = Release|Any CPU
		{33A09A74-4BC5-43F0-A615-90D5DBDC0B52}.Release|x64.ActiveCfg = Release|Any CPU
		{33A09A74-4BC5-43F0-A615-90D5DBDC0B52}.Release|x64.Build.0 = Release|Any CPU
		{33A09A74-4BC5-43F0-A615-90D5DBDC0B52}.Release|x86.ActiveCfg = Release|Any CPU
		{33A09A74-4BC5-43F0-A615-90D5DBDC0B52}.Release|x86.Build.0 = Release|Any CPU
		{26E0A8EA-9EEE-4DCE-823E-BD00082EC093}.Debug|Any CPU.ActiveCfg = Debug|Any CPU
		{26E0A8EA-9EEE-4DCE-823E-BD00082EC093}.Debug|Any CPU.Build.0 = Debug|Any CPU
		{26E0A8EA-9EEE-4DCE-823E-BD00082EC093}.Debug|x64.ActiveCfg = Debug|Any CPU
		{26E0A8EA-9EEE-4DCE-823E-BD00082EC093}.Debug|x64.Build.0 = Debug|Any CPU
		{26E0A8EA-9EEE-4DCE-823E-BD00082EC093}.Debug|x86.ActiveCfg = Debug|Any CPU
		{26E0A8EA-9EEE-4DCE-823E-BD00082EC093}.Debug|x86.Build.0 = Debug|Any CPU
		{26E0A8EA-9EEE-4DCE-823E-BD00082EC093}.Release|Any CPU.ActiveCfg = Release|Any CPU
		{26E0A8EA-9EEE-4DCE-823E-BD00082EC093}.Release|Any CPU.Build.0 = Release|Any CPU
		{26E0A8EA-9EEE-4DCE-823E-BD00082EC093}.Release|x64.ActiveCfg = Release|Any CPU
		{26E0A8EA-9EEE-4DCE-823E-BD00082EC093}.Release|x64.Build.0 = Release|Any CPU
		{26E0A8EA-9EEE-4DCE-823E-BD00082EC093}.Release|x86.ActiveCfg = Release|Any CPU
		{26E0A8EA-9EEE-4DCE-823E-BD00082EC093}.Release|x86.Build.0 = Release|Any CPU
		{02A48E95-4CDB-4D49-A54C-99CBD7430702}.Debug|Any CPU.ActiveCfg = Debug|Any CPU
		{02A48E95-4CDB-4D49-A54C-99CBD7430702}.Debug|Any CPU.Build.0 = Debug|Any CPU
		{02A48E95-4CDB-4D49-A54C-99CBD7430702}.Debug|x64.ActiveCfg = Debug|Any CPU
		{02A48E95-4CDB-4D49-A54C-99CBD7430702}.Debug|x64.Build.0 = Debug|Any CPU
		{02A48E95-4CDB-4D49-A54C-99CBD7430702}.Debug|x86.ActiveCfg = Debug|Any CPU
		{02A48E95-4CDB-4D49-A54C-99CBD7430702}.Debug|x86.Build.0 = Debug|Any CPU
		{02A48E95-4CDB-4D49-A54C-99CBD7430702}.Release|Any CPU.ActiveCfg = Release|Any CPU
		{02A48E95-4CDB-4D49-A54C-99CBD7430702}.Release|Any CPU.Build.0 = Release|Any CPU
		{02A48E95-4CDB-4D49-A54C-99CBD7430702}.Release|x64.ActiveCfg = Release|Any CPU
		{02A48E95-4CDB-4D49-A54C-99CBD7430702}.Release|x64.Build.0 = Release|Any CPU
		{02A48E95-4CDB-4D49-A54C-99CBD7430702}.Release|x86.ActiveCfg = Release|Any CPU
		{02A48E95-4CDB-4D49-A54C-99CBD7430702}.Release|x86.Build.0 = Release|Any CPU
		{654FF93E-430C-44DC-AC46-12A331641078}.Debug|Any CPU.ActiveCfg = Debug|Any CPU
		{654FF93E-430C-44DC-AC46-12A331641078}.Debug|Any CPU.Build.0 = Debug|Any CPU
		{654FF93E-430C-44DC-AC46-12A331641078}.Debug|x64.ActiveCfg = Debug|Any CPU
		{654FF93E-430C-44DC-AC46-12A331641078}.Debug|x64.Build.0 = Debug|Any CPU
		{654FF93E-430C-44DC-AC46-12A331641078}.Debug|x86.ActiveCfg = Debug|Any CPU
		{654FF93E-430C-44DC-AC46-12A331641078}.Debug|x86.Build.0 = Debug|Any CPU
		{654FF93E-430C-44DC-AC46-12A331641078}.Release|Any CPU.ActiveCfg = Release|Any CPU
		{654FF93E-430C-44DC-AC46-12A331641078}.Release|Any CPU.Build.0 = Release|Any CPU
		{654FF93E-430C-44DC-AC46-12A331641078}.Release|x64.ActiveCfg = Release|Any CPU
		{654FF93E-430C-44DC-AC46-12A331641078}.Release|x64.Build.0 = Release|Any CPU
		{654FF93E-430C-44DC-AC46-12A331641078}.Release|x86.ActiveCfg = Release|Any CPU
		{654FF93E-430C-44DC-AC46-12A331641078}.Release|x86.Build.0 = Release|Any CPU
		{6C6DEE3F-1131-413A-B443-30B3CB0C1126}.Debug|Any CPU.ActiveCfg = Debug|Any CPU
		{6C6DEE3F-1131-413A-B443-30B3CB0C1126}.Debug|Any CPU.Build.0 = Debug|Any CPU
		{6C6DEE3F-1131-413A-B443-30B3CB0C1126}.Debug|x64.ActiveCfg = Debug|Any CPU
		{6C6DEE3F-1131-413A-B443-30B3CB0C1126}.Debug|x64.Build.0 = Debug|Any CPU
		{6C6DEE3F-1131-413A-B443-30B3CB0C1126}.Debug|x86.ActiveCfg = Debug|Any CPU
		{6C6DEE3F-1131-413A-B443-30B3CB0C1126}.Debug|x86.Build.0 = Debug|Any CPU
		{6C6DEE3F-1131-413A-B443-30B3CB0C1126}.Release|Any CPU.ActiveCfg = Release|Any CPU
		{6C6DEE3F-1131-413A-B443-30B3CB0C1126}.Release|Any CPU.Build.0 = Release|Any CPU
		{6C6DEE3F-1131-413A-B443-30B3CB0C1126}.Release|x64.ActiveCfg = Release|Any CPU
		{6C6DEE3F-1131-413A-B443-30B3CB0C1126}.Release|x64.Build.0 = Release|Any CPU
		{6C6DEE3F-1131-413A-B443-30B3CB0C1126}.Release|x86.ActiveCfg = Release|Any CPU
		{6C6DEE3F-1131-413A-B443-30B3CB0C1126}.Release|x86.Build.0 = Release|Any CPU
		{E4C1F06C-4CD0-4BBD-8B9F-78092571E339}.Debug|Any CPU.ActiveCfg = Debug|Any CPU
		{E4C1F06C-4CD0-4BBD-8B9F-78092571E339}.Debug|Any CPU.Build.0 = Debug|Any CPU
		{E4C1F06C-4CD0-4BBD-8B9F-78092571E339}.Debug|x64.ActiveCfg = Debug|Any CPU
		{E4C1F06C-4CD0-4BBD-8B9F-78092571E339}.Debug|x64.Build.0 = Debug|Any CPU
		{E4C1F06C-4CD0-4BBD-8B9F-78092571E339}.Debug|x86.ActiveCfg = Debug|Any CPU
		{E4C1F06C-4CD0-4BBD-8B9F-78092571E339}.Debug|x86.Build.0 = Debug|Any CPU
		{E4C1F06C-4CD0-4BBD-8B9F-78092571E339}.Release|Any CPU.ActiveCfg = Release|Any CPU
		{E4C1F06C-4CD0-4BBD-8B9F-78092571E339}.Release|Any CPU.Build.0 = Release|Any CPU
		{E4C1F06C-4CD0-4BBD-8B9F-78092571E339}.Release|x64.ActiveCfg = Release|Any CPU
		{E4C1F06C-4CD0-4BBD-8B9F-78092571E339}.Release|x64.Build.0 = Release|Any CPU
		{E4C1F06C-4CD0-4BBD-8B9F-78092571E339}.Release|x86.ActiveCfg = Release|Any CPU
		{E4C1F06C-4CD0-4BBD-8B9F-78092571E339}.Release|x86.Build.0 = Release|Any CPU
		{5CC7A30F-E4EE-4CCB-A1C9-BF0B5A3A38E6}.Debug|Any CPU.ActiveCfg = Debug|Any CPU
		{5CC7A30F-E4EE-4CCB-A1C9-BF0B5A3A38E6}.Debug|Any CPU.Build.0 = Debug|Any CPU
		{5CC7A30F-E4EE-4CCB-A1C9-BF0B5A3A38E6}.Debug|x64.ActiveCfg = Debug|Any CPU
		{5CC7A30F-E4EE-4CCB-A1C9-BF0B5A3A38E6}.Debug|x64.Build.0 = Debug|Any CPU
		{5CC7A30F-E4EE-4CCB-A1C9-BF0B5A3A38E6}.Debug|x86.ActiveCfg = Debug|Any CPU
		{5CC7A30F-E4EE-4CCB-A1C9-BF0B5A3A38E6}.Debug|x86.Build.0 = Debug|Any CPU
		{5CC7A30F-E4EE-4CCB-A1C9-BF0B5A3A38E6}.Release|Any CPU.ActiveCfg = Release|Any CPU
		{5CC7A30F-E4EE-4CCB-A1C9-BF0B5A3A38E6}.Release|Any CPU.Build.0 = Release|Any CPU
		{5CC7A30F-E4EE-4CCB-A1C9-BF0B5A3A38E6}.Release|x64.ActiveCfg = Release|Any CPU
		{5CC7A30F-E4EE-4CCB-A1C9-BF0B5A3A38E6}.Release|x64.Build.0 = Release|Any CPU
		{5CC7A30F-E4EE-4CCB-A1C9-BF0B5A3A38E6}.Release|x86.ActiveCfg = Release|Any CPU
		{5CC7A30F-E4EE-4CCB-A1C9-BF0B5A3A38E6}.Release|x86.Build.0 = Release|Any CPU
		{1C3F2198-2BEE-4EE4-954F-FE7C21D6236D}.Debug|Any CPU.ActiveCfg = Debug|Any CPU
		{1C3F2198-2BEE-4EE4-954F-FE7C21D6236D}.Debug|Any CPU.Build.0 = Debug|Any CPU
		{1C3F2198-2BEE-4EE4-954F-FE7C21D6236D}.Debug|x64.ActiveCfg = Debug|Any CPU
		{1C3F2198-2BEE-4EE4-954F-FE7C21D6236D}.Debug|x64.Build.0 = Debug|Any CPU
		{1C3F2198-2BEE-4EE4-954F-FE7C21D6236D}.Debug|x86.ActiveCfg = Debug|Any CPU
		{1C3F2198-2BEE-4EE4-954F-FE7C21D6236D}.Debug|x86.Build.0 = Debug|Any CPU
		{1C3F2198-2BEE-4EE4-954F-FE7C21D6236D}.Release|Any CPU.ActiveCfg = Release|Any CPU
		{1C3F2198-2BEE-4EE4-954F-FE7C21D6236D}.Release|Any CPU.Build.0 = Release|Any CPU
		{1C3F2198-2BEE-4EE4-954F-FE7C21D6236D}.Release|x64.ActiveCfg = Release|Any CPU
		{1C3F2198-2BEE-4EE4-954F-FE7C21D6236D}.Release|x64.Build.0 = Release|Any CPU
		{1C3F2198-2BEE-4EE4-954F-FE7C21D6236D}.Release|x86.ActiveCfg = Release|Any CPU
		{1C3F2198-2BEE-4EE4-954F-FE7C21D6236D}.Release|x86.Build.0 = Release|Any CPU
		{9CE4842D-952C-4D35-88D1-0D93E1F8B882}.Debug|Any CPU.ActiveCfg = Debug|Any CPU
		{9CE4842D-952C-4D35-88D1-0D93E1F8B882}.Debug|Any CPU.Build.0 = Debug|Any CPU
		{9CE4842D-952C-4D35-88D1-0D93E1F8B882}.Debug|x64.ActiveCfg = Debug|Any CPU
		{9CE4842D-952C-4D35-88D1-0D93E1F8B882}.Debug|x64.Build.0 = Debug|Any CPU
		{9CE4842D-952C-4D35-88D1-0D93E1F8B882}.Debug|x86.ActiveCfg = Debug|Any CPU
		{9CE4842D-952C-4D35-88D1-0D93E1F8B882}.Debug|x86.Build.0 = Debug|Any CPU
		{9CE4842D-952C-4D35-88D1-0D93E1F8B882}.Release|Any CPU.ActiveCfg = Release|Any CPU
		{9CE4842D-952C-4D35-88D1-0D93E1F8B882}.Release|Any CPU.Build.0 = Release|Any CPU
		{9CE4842D-952C-4D35-88D1-0D93E1F8B882}.Release|x64.ActiveCfg = Release|Any CPU
		{9CE4842D-952C-4D35-88D1-0D93E1F8B882}.Release|x64.Build.0 = Release|Any CPU
		{9CE4842D-952C-4D35-88D1-0D93E1F8B882}.Release|x86.ActiveCfg = Release|Any CPU
		{9CE4842D-952C-4D35-88D1-0D93E1F8B882}.Release|x86.Build.0 = Release|Any CPU
		{598B2078-FEC4-449B-8BDA-2FE5EC86655C}.Debug|Any CPU.ActiveCfg = Debug|Any CPU
		{598B2078-FEC4-449B-8BDA-2FE5EC86655C}.Debug|Any CPU.Build.0 = Debug|Any CPU
		{598B2078-FEC4-449B-8BDA-2FE5EC86655C}.Debug|x64.ActiveCfg = Debug|Any CPU
		{598B2078-FEC4-449B-8BDA-2FE5EC86655C}.Debug|x64.Build.0 = Debug|Any CPU
		{598B2078-FEC4-449B-8BDA-2FE5EC86655C}.Debug|x86.ActiveCfg = Debug|Any CPU
		{598B2078-FEC4-449B-8BDA-2FE5EC86655C}.Debug|x86.Build.0 = Debug|Any CPU
		{598B2078-FEC4-449B-8BDA-2FE5EC86655C}.Release|Any CPU.ActiveCfg = Release|Any CPU
		{598B2078-FEC4-449B-8BDA-2FE5EC86655C}.Release|Any CPU.Build.0 = Release|Any CPU
		{598B2078-FEC4-449B-8BDA-2FE5EC86655C}.Release|x64.ActiveCfg = Release|Any CPU
		{598B2078-FEC4-449B-8BDA-2FE5EC86655C}.Release|x64.Build.0 = Release|Any CPU
		{598B2078-FEC4-449B-8BDA-2FE5EC86655C}.Release|x86.ActiveCfg = Release|Any CPU
		{598B2078-FEC4-449B-8BDA-2FE5EC86655C}.Release|x86.Build.0 = Release|Any CPU
		{5C431822-28DC-44AF-8BEF-9E699A10A394}.Debug|Any CPU.ActiveCfg = Debug|x64
		{5C431822-28DC-44AF-8BEF-9E699A10A394}.Debug|Any CPU.Build.0 = Debug|x64
		{5C431822-28DC-44AF-8BEF-9E699A10A394}.Debug|x64.ActiveCfg = Debug|x64
		{5C431822-28DC-44AF-8BEF-9E699A10A394}.Debug|x64.Build.0 = Debug|x64
		{5C431822-28DC-44AF-8BEF-9E699A10A394}.Debug|x86.ActiveCfg = Debug|Win32
		{5C431822-28DC-44AF-8BEF-9E699A10A394}.Debug|x86.Build.0 = Debug|Win32
		{5C431822-28DC-44AF-8BEF-9E699A10A394}.Release|Any CPU.ActiveCfg = Release|x64
		{5C431822-28DC-44AF-8BEF-9E699A10A394}.Release|Any CPU.Build.0 = Release|x64
		{5C431822-28DC-44AF-8BEF-9E699A10A394}.Release|x64.ActiveCfg = Release|x64
		{5C431822-28DC-44AF-8BEF-9E699A10A394}.Release|x64.Build.0 = Release|x64
		{5C431822-28DC-44AF-8BEF-9E699A10A394}.Release|x86.ActiveCfg = Release|Win32
		{5C431822-28DC-44AF-8BEF-9E699A10A394}.Release|x86.Build.0 = Release|Win32
		{B8CC6A34-4728-4B31-8842-64B7E7E4F6BD}.Debug|Any CPU.ActiveCfg = Debug|Any CPU
		{B8CC6A34-4728-4B31-8842-64B7E7E4F6BD}.Debug|Any CPU.Build.0 = Debug|Any CPU
		{B8CC6A34-4728-4B31-8842-64B7E7E4F6BD}.Debug|x64.ActiveCfg = Debug|Any CPU
		{B8CC6A34-4728-4B31-8842-64B7E7E4F6BD}.Debug|x64.Build.0 = Debug|Any CPU
		{B8CC6A34-4728-4B31-8842-64B7E7E4F6BD}.Debug|x86.ActiveCfg = Debug|Any CPU
		{B8CC6A34-4728-4B31-8842-64B7E7E4F6BD}.Debug|x86.Build.0 = Debug|Any CPU
		{B8CC6A34-4728-4B31-8842-64B7E7E4F6BD}.Release|Any CPU.ActiveCfg = Release|Any CPU
		{B8CC6A34-4728-4B31-8842-64B7E7E4F6BD}.Release|Any CPU.Build.0 = Release|Any CPU
		{B8CC6A34-4728-4B31-8842-64B7E7E4F6BD}.Release|x64.ActiveCfg = Release|Any CPU
		{B8CC6A34-4728-4B31-8842-64B7E7E4F6BD}.Release|x64.Build.0 = Release|Any CPU
		{B8CC6A34-4728-4B31-8842-64B7E7E4F6BD}.Release|x86.ActiveCfg = Release|Any CPU
		{B8CC6A34-4728-4B31-8842-64B7E7E4F6BD}.Release|x86.Build.0 = Release|Any CPU
	EndGlobalSection
	GlobalSection(SolutionProperties) = preSolution
		HideSolutionNode = FALSE
	EndGlobalSection
	GlobalSection(ExtensibilityGlobals) = postSolution
		SolutionGuid = {90616CB0-D2DC-445D-A9E9-4EDB19EE44F9}
	EndGlobalSection
EndGlobal
